
Microsoft Visual Studio Solution File, Format Version 12.00
# Visual Studio Version 16
VisualStudioVersion = 16.0.29509.3
MinimumVisualStudioVersion = 10.0.40219.1
Project("{FAE04EC0-301F-11D3-BF4B-00C04F79EFBC}") = "BaseUlt", "BaseUlt.csproj", "{04532355-89EF-457D-AB0E-EDCCEDB68B19}"
EndProject
Global
	GlobalSection(SolutionConfigurationPlatforms) = preSolution
		Debug|Any CPU = Debug|Any CPU
		Release|Any CPU = Release|Any CPU
	EndGlobalSection
	GlobalSection(ProjectConfigurationPlatforms) = postSolution
		{04532355-89EF-457D-AB0E-EDCCEDB68B19}.Debug|Any CPU.ActiveCfg = Debug|Any CPU
		{04532355-89EF-457D-AB0E-EDCCEDB68B19}.Debug|Any CPU.Build.0 = Debug|Any CPU
		{04532355-89EF-457D-AB0E-EDCCEDB68B19}.Release|Any CPU.ActiveCfg = Release|Any CPU
		{04532355-89EF-457D-AB0E-EDCCEDB68B19}.Release|Any CPU.Build.0 = Release|Any CPU
	EndGlobalSection
	GlobalSection(SolutionProperties) = preSolution
		HideSolutionNode = FALSE
	EndGlobalSection
	GlobalSection(ExtensibilityGlobals) = postSolution
		SolutionGuid = {DE1A5EE1-B341-4923-8EB9-D5D24824B1E7}
	EndGlobalSection
EndGlobal
